// !$*UTF8*$!
{
	archiveVersion = 1;
	classes = {
	};
	objectVersion = 56;
	objects = {

/* Begin PBXBuildFile section */
		CEE5F59B2AF94B5C000DDBB4 /* CPB_FirebaseApp.swift in Sources */ = {isa = PBXBuildFile; fileRef = CEE5F59A2AF94B5C000DDBB4 /* CPB_FirebaseApp.swift */; };
		CEE5F59D2AF94B5C000DDBB4 /* ContentView.swift in Sources */ = {isa = PBXBuildFile; fileRef = CEE5F59C2AF94B5C000DDBB4 /* ContentView.swift */; };
		CEE5F59F2AF94B5F000DDBB4 /* Assets.xcassets in Resources */ = {isa = PBXBuildFile; fileRef = CEE5F59E2AF94B5F000DDBB4 /* Assets.xcassets */; };
		CEE5F5A22AF94B5F000DDBB4 /* Preview Assets.xcassets in Resources */ = {isa = PBXBuildFile; fileRef = CEE5F5A12AF94B5F000DDBB4 /* Preview Assets.xcassets */; };
		CEE5F5AC2AF94B60000DDBB4 /* CPB_FirebaseTests.swift in Sources */ = {isa = PBXBuildFile; fileRef = CEE5F5AB2AF94B60000DDBB4 /* CPB_FirebaseTests.swift */; };
		CEE5F5B62AF94B60000DDBB4 /* CPB_FirebaseUITests.swift in Sources */ = {isa = PBXBuildFile; fileRef = CEE5F5B52AF94B60000DDBB4 /* CPB_FirebaseUITests.swift */; };
		CEE5F5B82AF94B60000DDBB4 /* CPB_FirebaseUITestsLaunchTests.swift in Sources */ = {isa = PBXBuildFile; fileRef = CEE5F5B72AF94B60000DDBB4 /* CPB_FirebaseUITestsLaunchTests.swift */; };
/* End PBXBuildFile section */

/* Begin PBXContainerItemProxy section */
		CEE5F5A82AF94B60000DDBB4 /* PBXContainerItemProxy */ = {
			isa = PBXContainerItemProxy;
			containerPortal = CEE5F58F2AF94B5C000DDBB4 /* Project object */;
			proxyType = 1;
			remoteGlobalIDString = CEE5F5962AF94B5C000DDBB4;
			remoteInfo = CPB_Firebase;
		};
		CEE5F5B22AF94B60000DDBB4 /* PBXContainerItemProxy */ = {
			isa = PBXContainerItemProxy;
			containerPortal = CEE5F58F2AF94B5C000DDBB4 /* Project object */;
			proxyType = 1;
			remoteGlobalIDString = CEE5F5962AF94B5C000DDBB4;
			remoteInfo = CPB_Firebase;
		};
/* End PBXContainerItemProxy section */

/* Begin PBXFileReference section */
		CEE5F5972AF94B5C000DDBB4 /* CPB_Firebase.app */ = {isa = PBXFileReference; explicitFileType = wrapper.application; includeInIndex = 0; path = CPB_Firebase.app; sourceTree = BUILT_PRODUCTS_DIR; };
		CEE5F59A2AF94B5C000DDBB4 /* CPB_FirebaseApp.swift */ = {isa = PBXFileReference; lastKnownFileType = sourcecode.swift; path = CPB_FirebaseApp.swift; sourceTree = "<group>"; };
		CEE5F59C2AF94B5C000DDBB4 /* ContentView.swift */ = {isa = PBXFileReference; lastKnownFileType = sourcecode.swift; path = ContentView.swift; sourceTree = "<group>"; };
		CEE5F59E2AF94B5F000DDBB4 /* Assets.xcassets */ = {isa = PBXFileReference; lastKnownFileType = folder.assetcatalog; path = Assets.xcassets; sourceTree = "<group>"; };
		CEE5F5A12AF94B5F000DDBB4 /* Preview Assets.xcassets */ = {isa = PBXFileReference; lastKnownFileType = folder.assetcatalog; path = "Preview Assets.xcassets"; sourceTree = "<group>"; };
		CEE5F5A72AF94B60000DDBB4 /* CPB_FirebaseTests.xctest */ = {isa = PBXFileReference; explicitFileType = wrapper.cfbundle; includeInIndex = 0; path = CPB_FirebaseTests.xctest; sourceTree = BUILT_PRODUCTS_DIR; };
		CEE5F5AB2AF94B60000DDBB4 /* CPB_FirebaseTests.swift */ = {isa = PBXFileReference; lastKnownFileType = sourcecode.swift; path = CPB_FirebaseTests.swift; sourceTree = "<group>"; };
		CEE5F5B12AF94B60000DDBB4 /* CPB_FirebaseUITests.xctest */ = {isa = PBXFileReference; explicitFileType = wrapper.cfbundle; includeInIndex = 0; path = CPB_FirebaseUITests.xctest; sourceTree = BUILT_PRODUCTS_DIR; };
		CEE5F5B52AF94B60000DDBB4 /* CPB_FirebaseUITests.swift */ = {isa = PBXFileReference; lastKnownFileType = sourcecode.swift; path = CPB_FirebaseUITests.swift; sourceTree = "<group>"; };
		CEE5F5B72AF94B60000DDBB4 /* CPB_FirebaseUITestsLaunchTests.swift */ = {isa = PBXFileReference; lastKnownFileType = sourcecode.swift; path = CPB_FirebaseUITestsLaunchTests.swift; sourceTree = "<group>"; };
/* End PBXFileReference section */

/* Begin PBXFrameworksBuildPhase section */
		CEE5F5942AF94B5C000DDBB4 /* Frameworks */ = {
			isa = PBXFrameworksBuildPhase;
			buildActionMask = 2147483647;
			files = (
			);
			runOnlyForDeploymentPostprocessing = 0;
		};
		CEE5F5A42AF94B60000DDBB4 /* Frameworks */ = {
			isa = PBXFrameworksBuildPhase;
			buildActionMask = 2147483647;
			files = (
			);
			runOnlyForDeploymentPostprocessing = 0;
		};
		CEE5F5AE2AF94B60000DDBB4 /* Frameworks */ = {
			isa = PBXFrameworksBuildPhase;
			buildActionMask = 2147483647;
			files = (
			);
			runOnlyForDeploymentPostprocessing = 0;
		};
/* End PBXFrameworksBuildPhase section */

/* Begin PBXGroup section */
		CEE5F58E2AF94B5C000DDBB4 = {
			isa = PBXGroup;
			children = (
				CEE5F5992AF94B5C000DDBB4 /* CPB_Firebase */,
				CEE5F5AA2AF94B60000DDBB4 /* CPB_FirebaseTests */,
				CEE5F5B42AF94B60000DDBB4 /* CPB_FirebaseUITests */,
				CEE5F5982AF94B5C000DDBB4 /* Products */,
			);
			sourceTree = "<group>";
		};
		CEE5F5982AF94B5C000DDBB4 /* Products */ = {
			isa = PBXGroup;
			children = (
				CEE5F5972AF94B5C000DDBB4 /* CPB_Firebase.app */,
				CEE5F5A72AF94B60000DDBB4 /* CPB_FirebaseTests.xctest */,
				CEE5F5B12AF94B60000DDBB4 /* CPB_FirebaseUITests.xctest */,
			);
			name = Products;
			sourceTree = "<group>";
		};
		CEE5F5992AF94B5C000DDBB4 /* CPB_Firebase */ = {
			isa = PBXGroup;
			children = (
				CEE5F59A2AF94B5C000DDBB4 /* CPB_FirebaseApp.swift */,
				CEE5F59C2AF94B5C000DDBB4 /* ContentView.swift */,
				CEE5F59E2AF94B5F000DDBB4 /* Assets.xcassets */,
				CEE5F5A02AF94B5F000DDBB4 /* Preview Content */,
			);
			path = CPB_Firebase;
			sourceTree = "<group>";
		};
		CEE5F5A02AF94B5F000DDBB4 /* Preview Content */ = {
			isa = PBXGroup;
			children = (
				CEE5F5A12AF94B5F000DDBB4 /* Preview Assets.xcassets */,
			);
			path = "Preview Content";
			sourceTree = "<group>";
		};
		CEE5F5AA2AF94B60000DDBB4 /* CPB_FirebaseTests */ = {
			isa = PBXGroup;
			children = (
				CEE5F5AB2AF94B60000DDBB4 /* CPB_FirebaseTests.swift */,
			);
			path = CPB_FirebaseTests;
			sourceTree = "<group>";
		};
		CEE5F5B42AF94B60000DDBB4 /* CPB_FirebaseUITests */ = {
			isa = PBXGroup;
			children = (
				CEE5F5B52AF94B60000DDBB4 /* CPB_FirebaseUITests.swift */,
				CEE5F5B72AF94B60000DDBB4 /* CPB_FirebaseUITestsLaunchTests.swift */,
			);
			path = CPB_FirebaseUITests;
			sourceTree = "<group>";
		};
/* End PBXGroup section */

/* Begin PBXNativeTarget section */
		CEE5F5962AF94B5C000DDBB4 /* CPB_Firebase */ = {
			isa = PBXNativeTarget;
			buildConfigurationList = CEE5F5BB2AF94B60000DDBB4 /* Build configuration list for PBXNativeTarget "CPB_Firebase" */;
			buildPhases = (
				CEE5F5932AF94B5C000DDBB4 /* Sources */,
				CEE5F5942AF94B5C000DDBB4 /* Frameworks */,
				CEE5F5952AF94B5C000DDBB4 /* Resources */,
			);
			buildRules = (
			);
			dependencies = (
			);
			name = CPB_Firebase;
			productName = CPB_Firebase;
			productReference = CEE5F5972AF94B5C000DDBB4 /* CPB_Firebase.app */;
			productType = "com.apple.product-type.application";
		};
		CEE5F5A62AF94B60000DDBB4 /* CPB_FirebaseTests */ = {
			isa = PBXNativeTarget;
			buildConfigurationList = CEE5F5BE2AF94B60000DDBB4 /* Build configuration list for PBXNativeTarget "CPB_FirebaseTests" */;
			buildPhases = (
				CEE5F5A32AF94B60000DDBB4 /* Sources */,
				CEE5F5A42AF94B60000DDBB4 /* Frameworks */,
				CEE5F5A52AF94B60000DDBB4 /* Resources */,
			);
			buildRules = (
			);
			dependencies = (
				CEE5F5A92AF94B60000DDBB4 /* PBXTargetDependency */,
			);
			name = CPB_FirebaseTests;
			productName = CPB_FirebaseTests;
			productReference = CEE5F5A72AF94B60000DDBB4 /* CPB_FirebaseTests.xctest */;
			productType = "com.apple.product-type.bundle.unit-test";
		};
		CEE5F5B02AF94B60000DDBB4 /* CPB_FirebaseUITests */ = {
			isa = PBXNativeTarget;
			buildConfigurationList = CEE5F5C12AF94B60000DDBB4 /* Build configuration list for PBXNativeTarget "CPB_FirebaseUITests" */;
			buildPhases = (
				CEE5F5AD2AF94B60000DDBB4 /* Sources */,
				CEE5F5AE2AF94B60000DDBB4 /* Frameworks */,
				CEE5F5AF2AF94B60000DDBB4 /* Resources */,
			);
			buildRules = (
			);
			dependencies = (
				CEE5F5B32AF94B60000DDBB4 /* PBXTargetDependency */,
			);
			name = CPB_FirebaseUITests;
			productName = CPB_FirebaseUITests;
			productReference = CEE5F5B12AF94B60000DDBB4 /* CPB_FirebaseUITests.xctest */;
			productType = "com.apple.product-type.bundle.ui-testing";
		};
/* End PBXNativeTarget section */

/* Begin PBXProject section */
		CEE5F58F2AF94B5C000DDBB4 /* Project object */ = {
			isa = PBXProject;
			attributes = {
				BuildIndependentTargetsInParallel = 1;
				LastSwiftUpdateCheck = 1500;
				LastUpgradeCheck = 1500;
				TargetAttributes = {
					CEE5F5962AF94B5C000DDBB4 = {
						CreatedOnToolsVersion = 15.0.1;
					};
					CEE5F5A62AF94B60000DDBB4 = {
						CreatedOnToolsVersion = 15.0.1;
						TestTargetID = CEE5F5962AF94B5C000DDBB4;
					};
					CEE5F5B02AF94B60000DDBB4 = {
						CreatedOnToolsVersion = 15.0.1;
						TestTargetID = CEE5F5962AF94B5C000DDBB4;
					};
				};
			};
			buildConfigurationList = CEE5F5922AF94B5C000DDBB4 /* Build configuration list for PBXProject "CPB_Firebase" */;
			compatibilityVersion = "Xcode 14.0";
			developmentRegion = en;
			hasScannedForEncodings = 0;
			knownRegions = (
				en,
				Base,
			);
			mainGroup = CEE5F58E2AF94B5C000DDBB4;
			productRefGroup = CEE5F5982AF94B5C000DDBB4 /* Products */;
			projectDirPath = "";
			projectRoot = "";
			targets = (
				CEE5F5962AF94B5C000DDBB4 /* CPB_Firebase */,
				CEE5F5A62AF94B60000DDBB4 /* CPB_FirebaseTests */,
				CEE5F5B02AF94B60000DDBB4 /* CPB_FirebaseUITests */,
			);
		};
/* End PBXProject section */

/* Begin PBXResourcesBuildPhase section */
		CEE5F5952AF94B5C000DDBB4 /* Resources */ = {
			isa = PBXResourcesBuildPhase;
			buildActionMask = 2147483647;
			files = (
				CEE5F5A22AF94B5F000DDBB4 /* Preview Assets.xcassets in Resources */,
				CEE5F59F2AF94B5F000DDBB4 /* Assets.xcassets in Resources */,
			);
			runOnlyForDeploymentPostprocessing = 0;
		};
		CEE5F5A52AF94B60000DDBB4 /* Resources */ = {
			isa = PBXResourcesBuildPhase;
			buildActionMask = 2147483647;
			files = (
			);
			runOnlyForDeploymentPostprocessing = 0;
		};
		CEE5F5AF2AF94B60000DDBB4 /* Resources */ = {
			isa = PBXResourcesBuildPhase;
			buildActionMask = 2147483647;
			files = (
			);
			runOnlyForDeploymentPostprocessing = 0;
		};
/* End PBXResourcesBuildPhase section */

/* Begin PBXSourcesBuildPhase section */
		CEE5F5932AF94B5C000DDBB4 /* Sources */ = {
			isa = PBXSourcesBuildPhase;
			buildActionMask = 2147483647;
			files = (
				CEE5F59D2AF94B5C000DDBB4 /* ContentView.swift in Sources */,
				CEE5F59B2AF94B5C000DDBB4 /* CPB_FirebaseApp.swift in Sources */,
			);
			runOnlyForDeploymentPostprocessing = 0;
		};
		CEE5F5A32AF94B60000DDBB4 /* Sources */ = {
			isa = PBXSourcesBuildPhase;
			buildActionMask = 2147483647;
			files = (
				CEE5F5AC2AF94B60000DDBB4 /* CPB_FirebaseTests.swift in Sources */,
			);
			runOnlyForDeploymentPostprocessing = 0;
		};
		CEE5F5AD2AF94B60000DDBB4 /* Sources */ = {
			isa = PBXSourcesBuildPhase;
			buildActionMask = 2147483647;
			files = (
				CEE5F5B62AF94B60000DDBB4 /* CPB_FirebaseUITests.swift in Sources */,
				CEE5F5B82AF94B60000DDBB4 /* CPB_FirebaseUITestsLaunchTests.swift in Sources */,
			);
			runOnlyForDeploymentPostprocessing = 0;
		};
/* End PBXSourcesBuildPhase section */

/* Begin PBXTargetDependency section */
		CEE5F5A92AF94B60000DDBB4 /* PBXTargetDependency */ = {
			isa = PBXTargetDependency;
			target = CEE5F5962AF94B5C000DDBB4 /* CPB_Firebase */;
			targetProxy = CEE5F5A82AF94B60000DDBB4 /* PBXContainerItemProxy */;
		};
		CEE5F5B32AF94B60000DDBB4 /* PBXTargetDependency */ = {
			isa = PBXTargetDependency;
			target = CEE5F5962AF94B5C000DDBB4 /* CPB_Firebase */;
			targetProxy = CEE5F5B22AF94B60000DDBB4 /* PBXContainerItemProxy */;
		};
/* End PBXTargetDependency section */

/* Begin XCBuildConfiguration section */
		CEE5F5B92AF94B60000DDBB4 /* Debug */ = {
			isa = XCBuildConfiguration;
			buildSettings = {
				ALWAYS_SEARCH_USER_PATHS = NO;
				ASSETCATALOG_COMPILER_GENERATE_SWIFT_ASSET_SYMBOL_EXTENSIONS = YES;
				CLANG_ANALYZER_NONNULL = YES;
				CLANG_ANALYZER_NUMBER_OBJECT_CONVERSION = YES_AGGRESSIVE;
				CLANG_CXX_LANGUAGE_STANDARD = "gnu++20";
				CLANG_ENABLE_MODULES = YES;
				CLANG_ENABLE_OBJC_ARC = YES;
				CLANG_ENABLE_OBJC_WEAK = YES;
				CLANG_WARN_BLOCK_CAPTURE_AUTORELEASING = YES;
				CLANG_WARN_BOOL_CONVERSION = YES;
				CLANG_WARN_COMMA = YES;
				CLANG_WARN_CONSTANT_CONVERSION = YES;
				CLANG_WARN_DEPRECATED_OBJC_IMPLEMENTATIONS = YES;
				CLANG_WARN_DIRECT_OBJC_ISA_USAGE = YES_ERROR;
				CLANG_WARN_DOCUMENTATION_COMMENTS = YES;
				CLANG_WARN_EMPTY_BODY = YES;
				CLANG_WARN_ENUM_CONVERSION = YES;
				CLANG_WARN_INFINITE_RECURSION = YES;
				CLANG_WARN_INT_CONVERSION = YES;
				CLANG_WARN_NON_LITERAL_NULL_CONVERSION = YES;
				CLANG_WARN_OBJC_IMPLICIT_RETAIN_SELF = YES;
				CLANG_WARN_OBJC_LITERAL_CONVERSION = YES;
				CLANG_WARN_OBJC_ROOT_CLASS = YES_ERROR;
				CLANG_WARN_QUOTED_INCLUDE_IN_FRAMEWORK_HEADER = YES;
				CLANG_WARN_RANGE_LOOP_ANALYSIS = YES;
				CLANG_WARN_STRICT_PROTOTYPES = YES;
				CLANG_WARN_SUSPICIOUS_MOVE = YES;
				CLANG_WARN_UNGUARDED_AVAILABILITY = YES_AGGRESSIVE;
				CLANG_WARN_UNREACHABLE_CODE = YES;
				CLANG_WARN__DUPLICATE_METHOD_MATCH = YES;
				COPY_PHASE_STRIP = NO;
				DEBUG_INFORMATION_FORMAT = dwarf;
				ENABLE_STRICT_OBJC_MSGSEND = YES;
				ENABLE_TESTABILITY = YES;
				ENABLE_USER_SCRIPT_SANDBOXING = YES;
				GCC_C_LANGUAGE_STANDARD = gnu17;
				GCC_DYNAMIC_NO_PIC = NO;
				GCC_NO_COMMON_BLOCKS = YES;
				GCC_OPTIMIZATION_LEVEL = 0;
				GCC_PREPROCESSOR_DEFINITIONS = (
					"DEBUG=1",
					"$(inherited)",
				);
				GCC_WARN_64_TO_32_BIT_CONVERSION = YES;
				GCC_WARN_ABOUT_RETURN_TYPE = YES_ERROR;
				GCC_WARN_UNDECLARED_SELECTOR = YES;
				GCC_WARN_UNINITIALIZED_AUTOS = YES_AGGRESSIVE;
				GCC_WARN_UNUSED_FUNCTION = YES;
				GCC_WARN_UNUSED_VARIABLE = YES;
				IPHONEOS_DEPLOYMENT_TARGET = 17.0;
				LOCALIZATION_PREFERS_STRING_CATALOGS = YES;
				MTL_ENABLE_DEBUG_INFO = INCLUDE_SOURCE;
				MTL_FAST_MATH = YES;
				ONLY_ACTIVE_ARCH = YES;
				SDKROOT = iphoneos;
				SWIFT_ACTIVE_COMPILATION_CONDITIONS = "DEBUG $(inherited)";
				SWIFT_OPTIMIZATION_LEVEL = "-Onone";
			};
			name = Debug;
		};
		CEE5F5BA2AF94B60000DDBB4 /* Release */ = {
			isa = XCBuildConfiguration;
			buildSettings = {
				ALWAYS_SEARCH_USER_PATHS = NO;
				ASSETCATALOG_COMPILER_GENERATE_SWIFT_ASSET_SYMBOL_EXTENSIONS = YES;
				CLANG_ANALYZER_NONNULL = YES;
				CLANG_ANALYZER_NUMBER_OBJECT_CONVERSION = YES_AGGRESSIVE;
				CLANG_CXX_LANGUAGE_STANDARD = "gnu++20";
				CLANG_ENABLE_MODULES = YES;
				CLANG_ENABLE_OBJC_ARC = YES;
				CLANG_ENABLE_OBJC_WEAK = YES;
				CLANG_WARN_BLOCK_CAPTURE_AUTORELEASING = YES;
				CLANG_WARN_BOOL_CONVERSION = YES;
				CLANG_WARN_COMMA = YES;
				CLANG_WARN_CONSTANT_CONVERSION = YES;
				CLANG_WARN_DEPRECATED_OBJC_IMPLEMENTATIONS = YES;
				CLANG_WARN_DIRECT_OBJC_ISA_USAGE = YES_ERROR;
				CLANG_WARN_DOCUMENTATION_COMMENTS = YES;
				CLANG_WARN_EMPTY_BODY = YES;
				CLANG_WARN_ENUM_CONVERSION = YES;
				CLANG_WARN_INFINITE_RECURSION = YES;
				CLANG_WARN_INT_CONVERSION = YES;
				CLANG_WARN_NON_LITERAL_NULL_CONVERSION = YES;
				CLANG_WARN_OBJC_IMPLICIT_RETAIN_SELF = YES;
				CLANG_WARN_OBJC_LITERAL_CONVERSION = YES;
				CLANG_WARN_OBJC_ROOT_CLASS = YES_ERROR;
				CLANG_WARN_QUOTED_INCLUDE_IN_FRAMEWORK_HEADER = YES;
				CLANG_WARN_RANGE_LOOP_ANALYSIS = YES;
				CLANG_WARN_STRICT_PROTOTYPES = YES;
				CLANG_WARN_SUSPICIOUS_MOVE = YES;
				CLANG_WARN_UNGUARDED_AVAILABILITY = YES_AGGRESSIVE;
				CLANG_WARN_UNREACHABLE_CODE = YES;
				CLANG_WARN__DUPLICATE_METHOD_MATCH = YES;
				COPY_PHASE_STRIP = NO;
				DEBUG_INFORMATION_FORMAT = "dwarf-with-dsym";
				ENABLE_NS_ASSERTIONS = NO;
				ENABLE_STRICT_OBJC_MSGSEND = YES;
				ENABLE_USER_SCRIPT_SANDBOXING = YES;
				GCC_C_LANGUAGE_STANDARD = gnu17;
				GCC_NO_COMMON_BLOCKS = YES;
				GCC_WARN_64_TO_32_BIT_CONVERSION = YES;
				GCC_WARN_ABOUT_RETURN_TYPE = YES_ERROR;
				GCC_WARN_UNDECLARED_SELECTOR = YES;
				GCC_WARN_UNINITIALIZED_AUTOS = YES_AGGRESSIVE;
				GCC_WARN_UNUSED_FUNCTION = YES;
				GCC_WARN_UNUSED_VARIABLE = YES;
				IPHONEOS_DEPLOYMENT_TARGET = 17.0;
				LOCALIZATION_PREFERS_STRING_CATALOGS = YES;
				MTL_ENABLE_DEBUG_INFO = NO;
				MTL_FAST_MATH = YES;
				SDKROOT = iphoneos;
				SWIFT_COMPILATION_MODE = wholemodule;
				VALIDATE_PRODUCT = YES;
			};
			name = Release;
		};
		CEE5F5BC2AF94B60000DDBB4 /* Debug */ = {
			isa = XCBuildConfiguration;
			buildSettings = {
				ASSETCATALOG_COMPILER_APPICON_NAME = AppIcon;
				ASSETCATALOG_COMPILER_GLOBAL_ACCENT_COLOR_NAME = AccentColor;
				CODE_SIGN_STYLE = Automatic;
				CURRENT_PROJECT_VERSION = 1;
				DEVELOPMENT_ASSET_PATHS = "\"CPB_Firebase/Preview Content\"";
				ENABLE_PREVIEWS = YES;
				GENERATE_INFOPLIST_FILE = YES;
				INFOPLIST_KEY_UIApplicationSceneManifest_Generation = YES;
				INFOPLIST_KEY_UIApplicationSupportsIndirectInputEvents = YES;
				INFOPLIST_KEY_UILaunchScreen_Generation = YES;
				INFOPLIST_KEY_UISupportedInterfaceOrientations_iPad = "UIInterfaceOrientationPortrait UIInterfaceOrientationPortraitUpsideDown UIInterfaceOrientationLandscapeLeft UIInterfaceOrientationLandscapeRight";
				INFOPLIST_KEY_UISupportedInterfaceOrientations_iPhone = "UIInterfaceOrientationPortrait UIInterfaceOrientationLandscapeLeft UIInterfaceOrientationLandscapeRight";
				LD_RUNPATH_SEARCH_PATHS = (
					"$(inherited)",
					"@executable_path/Frameworks",
				);
				MARKETING_VERSION = 1.0;
				PRODUCT_BUNDLE_IDENTIFIER = "org.jhhs.626249.CPB-Firebase";
				PRODUCT_NAME = "$(TARGET_NAME)";
				SWIFT_EMIT_LOC_STRINGS = YES;
				SWIFT_VERSION = 5.0;
				TARGETED_DEVICE_FAMILY = "1,2";
			};
			name = Debug;
		};
		CEE5F5BD2AF94B60000DDBB4 /* Release */ = {
			isa = XCBuildConfiguration;
			buildSettings = {
				ASSETCATALOG_COMPILER_APPICON_NAME = AppIcon;
				ASSETCATALOG_COMPILER_GLOBAL_ACCENT_COLOR_NAME = AccentColor;
				CODE_SIGN_STYLE = Automatic;
				CURRENT_PROJECT_VERSION = 1;
				DEVELOPMENT_ASSET_PATHS = "\"CPB_Firebase/Preview Content\"";
				ENABLE_PREVIEWS = YES;
				GENERATE_INFOPLIST_FILE = YES;
				INFOPLIST_KEY_UIApplicationSceneManifest_Generation = YES;
				INFOPLIST_KEY_UIApplicationSupportsIndirectInputEvents = YES;
				INFOPLIST_KEY_UILaunchScreen_Generation = YES;
				INFOPLIST_KEY_UISupportedInterfaceOrientations_iPad = "UIInterfaceOrientationPortrait UIInterfaceOrientationPortraitUpsideDown UIInterfaceOrientationLandscapeLeft UIInterfaceOrientationLandscapeRight";
				INFOPLIST_KEY_UISupportedInterfaceOrientations_iPhone = "UIInterfaceOrientationPortrait UIInterfaceOrientationLandscapeLeft UIInterfaceOrientationLandscapeRight";
				LD_RUNPATH_SEARCH_PATHS = (
					"$(inherited)",
					"@executable_path/Frameworks",
				);
				MARKETING_VERSION = 1.0;
				PRODUCT_BUNDLE_IDENTIFIER = "org.jhhs.626249.CPB-Firebase";
				PRODUCT_NAME = "$(TARGET_NAME)";
				SWIFT_EMIT_LOC_STRINGS = YES;
				SWIFT_VERSION = 5.0;
				TARGETED_DEVICE_FAMILY = "1,2";
			};
			name = Release;
		};
		CEE5F5BF2AF94B60000DDBB4 /* Debug */ = {
			isa = XCBuildConfiguration;
			buildSettings = {
				ALWAYS_EMBED_SWIFT_STANDARD_LIBRARIES = YES;
				BUNDLE_LOADER = "$(TEST_HOST)";
				CODE_SIGN_STYLE = Automatic;
				CURRENT_PROJECT_VERSION = 1;
				GENERATE_INFOPLIST_FILE = YES;
				IPHONEOS_DEPLOYMENT_TARGET = 17.0;
				MARKETING_VERSION = 1.0;
				PRODUCT_BUNDLE_IDENTIFIER = "org.jhhs.626249.CPB-FirebaseTests";
				PRODUCT_NAME = "$(TARGET_NAME)";
				SWIFT_EMIT_LOC_STRINGS = NO;
				SWIFT_VERSION = 5.0;
				TARGETED_DEVICE_FAMILY = "1,2";
				TEST_HOST = "$(BUILT_PRODUCTS_DIR)/CPB_Firebase.app/$(BUNDLE_EXECUTABLE_FOLDER_PATH)/CPB_Firebase";
			};
			name = Debug;
		};
		CEE5F5C02AF94B60000DDBB4 /* Release */ = {
			isa = XCBuildConfiguration;
			buildSettings = {
				ALWAYS_EMBED_SWIFT_STANDARD_LIBRARIES = YES;
				BUNDLE_LOADER = "$(TEST_HOST)";
				CODE_SIGN_STYLE = Automatic;
				CURRENT_PROJECT_VERSION = 1;
				GENERATE_INFOPLIST_FILE = YES;
				IPHONEOS_DEPLOYMENT_TARGET = 17.0;
				MARKETING_VERSION = 1.0;
				PRODUCT_BUNDLE_IDENTIFIER = "org.jhhs.626249.CPB-FirebaseTests";
				PRODUCT_NAME = "$(TARGET_NAME)";
				SWIFT_EMIT_LOC_STRINGS = NO;
				SWIFT_VERSION = 5.0;
				TARGETED_DEVICE_FAMILY = "1,2";
				TEST_HOST = "$(BUILT_PRODUCTS_DIR)/CPB_Firebase.app/$(BUNDLE_EXECUTABLE_FOLDER_PATH)/CPB_Firebase";
			};
			name = Release;
		};
		CEE5F5C22AF94B60000DDBB4 /* Debug */ = {
			isa = XCBuildConfiguration;
			buildSettings = {
				ALWAYS_EMBED_SWIFT_STANDARD_LIBRARIES = YES;
				CODE_SIGN_STYLE = Automatic;
				CURRENT_PROJECT_VERSION = 1;
				GENERATE_INFOPLIST_FILE = YES;
				MARKETING_VERSION = 1.0;
				PRODUCT_BUNDLE_IDENTIFIER = "org.jhhs.626249.CPB-FirebaseUITests";
				PRODUCT_NAME = "$(TARGET_NAME)";
				SWIFT_EMIT_LOC_STRINGS = NO;
				SWIFT_VERSION = 5.0;
				TARGETED_DEVICE_FAMILY = "1,2";
				TEST_TARGET_NAME = CPB_Firebase;
			};
			name = Debug;
		};
		CEE5F5C32AF94B60000DDBB4 /* Release */ = {
			isa = XCBuildConfiguration;
			buildSettings = {
				ALWAYS_EMBED_SWIFT_STANDARD_LIBRARIES = YES;
				CODE_SIGN_STYLE = Automatic;
				CURRENT_PROJECT_VERSION = 1;
				GENERATE_INFOPLIST_FILE = YES;
				MARKETING_VERSION = 1.0;
				PRODUCT_BUNDLE_IDENTIFIER = "org.jhhs.626249.CPB-FirebaseUITests";
				PRODUCT_NAME = "$(TARGET_NAME)";
				SWIFT_EMIT_LOC_STRINGS = NO;
				SWIFT_VERSION = 5.0;
				TARGETED_DEVICE_FAMILY = "1,2";
				TEST_TARGET_NAME = CPB_Firebase;
			};
			name = Release;
		};
/* End XCBuildConfiguration section */

/* Begin XCConfigurationList section */
		CEE5F5922AF94B5C000DDBB4 /* Build configuration list for PBXProject "CPB_Firebase" */ = {
			isa = XCConfigurationList;
			buildConfigurations = (
				CEE5F5B92AF94B60000DDBB4 /* Debug */,
				CEE5F5BA2AF94B60000DDBB4 /* Release */,
			);
			defaultConfigurationIsVisible = 0;
			defaultConfigurationName = Release;
		};
		CEE5F5BB2AF94B60000DDBB4 /* Build configuration list for PBXNativeTarget "CPB_Firebase" */ = {
			isa = XCConfigurationList;
			buildConfigurations = (
				CEE5F5BC2AF94B60000DDBB4 /* Debug */,
				CEE5F5BD2AF94B60000DDBB4 /* Release */,
			);
			defaultConfigurationIsVisible = 0;
			defaultConfigurationName = Release;
		};
		CEE5F5BE2AF94B60000DDBB4 /* Build configuration list for PBXNativeTarget "CPB_FirebaseTests" */ = {
			isa = XCConfigurationList;
			buildConfigurations = (
				CEE5F5BF2AF94B60000DDBB4 /* Debug */,
				CEE5F5C02AF94B60000DDBB4 /* Release */,
			);
			defaultConfigurationIsVisible = 0;
			defaultConfigurationName = Release;
		};
		CEE5F5C12AF94B60000DDBB4 /* Build configuration list for PBXNativeTarget "CPB_FirebaseUITests" */ = {
			isa = XCConfigurationList;
			buildConfigurations = (
				CEE5F5C22AF94B60000DDBB4 /* Debug */,
				CEE5F5C32AF94B60000DDBB4 /* Release */,
			);
			defaultConfigurationIsVisible = 0;
			defaultConfigurationName = Release;
		};
/* End XCConfigurationList section */
	};
	rootObject = CEE5F58F2AF94B5C000DDBB4 /* Project object */;
}
